
Microsoft Visual Studio Solution File, Format Version 12.00
# Visual Studio Version 16
VisualStudioVersion = 16.0.29123.88
MinimumVisualStudioVersion = 10.0.40219.1
Project("{FAE04EC0-301F-11D3-BF4B-00C04F79EFBC}") = "EditoraAPIcomplet", "EditoraAPIcomplet\EditoraAPIcomplet.csproj", "{B6718E41-06FB-431C-A423-CF8CB5EC36A3}"
EndProject
Project("{FAE04EC0-301F-11D3-BF4B-00C04F79EFBC}") = "EditoraAPIcomplet.Tests", "EditoraAPIcomplet.Tests\EditoraAPIcomplet.Tests.csproj", "{6E7B4E1C-7D9A-49E3-8F23-35AD17171268}"
EndProject
Global
	GlobalSection(SolutionConfigurationPlatforms) = preSolution
		Debug|Any CPU = Debug|Any CPU
		Release|Any CPU = Release|Any CPU
	EndGlobalSection
	GlobalSection(ProjectConfigurationPlatforms) = postSolution
		{B6718E41-06FB-431C-A423-CF8CB5EC36A3}.Debug|Any CPU.ActiveCfg = Debug|Any CPU
		{B6718E41-06FB-431C-A423-CF8CB5EC36A3}.Debug|Any CPU.Build.0 = Debug|Any CPU
		{B6718E41-06FB-431C-A423-CF8CB5EC36A3}.Release|Any CPU.ActiveCfg = Release|Any CPU
		{B6718E41-06FB-431C-A423-CF8CB5EC36A3}.Release|Any CPU.Build.0 = Release|Any CPU
		{6E7B4E1C-7D9A-49E3-8F23-35AD17171268}.Debug|Any CPU.ActiveCfg = Debug|Any CPU
		{6E7B4E1C-7D9A-49E3-8F23-35AD17171268}.Debug|Any CPU.Build.0 = Debug|Any CPU
		{6E7B4E1C-7D9A-49E3-8F23-35AD17171268}.Release|Any CPU.ActiveCfg = Release|Any CPU
		{6E7B4E1C-7D9A-49E3-8F23-35AD17171268}.Release|Any CPU.Build.0 = Release|Any CPU
	EndGlobalSection
	GlobalSection(SolutionProperties) = preSolution
		HideSolutionNode = FALSE
	EndGlobalSection
	GlobalSection(ExtensibilityGlobals) = postSolution
		SolutionGuid = {037E3909-C9CA-42ED-A067-6383781AE5C4}
	EndGlobalSection
EndGlobal
